
Microsoft Visual Studio Solution File, Format Version 12.00
# Visual Studio Version 16
VisualStudioVersion = 16.0.30413.136
MinimumVisualStudioVersion = 10.0.40219.1
Project("{FAE04EC0-301F-11D3-BF4B-00C04F79EFBC}") = "E05", "E05\E05.csproj", "{EC9D4B88-15E4-4E30-9724-71BBF2573DF5}"
EndProject
Global
	GlobalSection(SolutionConfigurationPlatforms) = preSolution
		Debug|Any CPU = Debug|Any CPU
		Release|Any CPU = Release|Any CPU
	EndGlobalSection
	GlobalSection(ProjectConfigurationPlatforms) = postSolution
		{EC9D4B88-15E4-4E30-9724-71BBF2573DF5}.Debug|Any CPU.ActiveCfg = Debug|Any CPU
		{EC9D4B88-15E4-4E30-9724-71BBF2573DF5}.Debug|Any CPU.Build.0 = Debug|Any CPU
		{EC9D4B88-15E4-4E30-9724-71BBF2573DF5}.Release|Any CPU.ActiveCfg = Release|Any CPU
		{EC9D4B88-15E4-4E30-9724-71BBF2573DF5}.Release|Any CPU.Build.0 = Release|Any CPU
	EndGlobalSection
	GlobalSection(SolutionProperties) = preSolution
		HideSolutionNode = FALSE
	EndGlobalSection
	GlobalSection(ExtensibilityGlobals) = postSolution
		SolutionGuid = {EF2715F2-0EA8-42A5-BAD2-B6C55D800B16}
	EndGlobalSection
EndGlobal
